// !$*UTF8*$!
{
	archiveVersion = 1;
	classes = {
	};
	objectVersion = 55;
	objects = {

/* Begin PBXBuildFile section */
		1212451D298CF16800663DDC /* AbsenceView.swift in Sources */ = {isa = PBXBuildFile; fileRef = 1212451C298CF16800663DDC /* AbsenceView.swift */; };
		1212451F298CF25500663DDC /* RootTabView.swift in Sources */ = {isa = PBXBuildFile; fileRef = 1212451E298CF25500663DDC /* RootTabView.swift */; };
		12124521298CF38200663DDC /* StatisticsView.swift in Sources */ = {isa = PBXBuildFile; fileRef = 12124520298CF38200663DDC /* StatisticsView.swift */; };
		12124523298CF52400663DDC /* StateController.swift in Sources */ = {isa = PBXBuildFile; fileRef = 12124522298CF52400663DDC /* StateController.swift */; };
		12FAB9F6297BBA2200BDDB5A /* AbsenceRecorderApp.swift in Sources */ = {isa = PBXBuildFile; fileRef = 12FAB9F5297BBA2200BDDB5A /* AbsenceRecorderApp.swift */; };
		12FAB9F8297BBA2200BDDB5A /* DivisionsView.swift in Sources */ = {isa = PBXBuildFile; fileRef = 12FAB9F7297BBA2200BDDB5A /* DivisionsView.swift */; };
		12FAB9FA297BBA2400BDDB5A /* Assets.xcassets in Resources */ = {isa = PBXBuildFile; fileRef = 12FAB9F9297BBA2400BDDB5A /* Assets.xcassets */; };
		12FAB9FD297BBA2400BDDB5A /* Preview Assets.xcassets in Resources */ = {isa = PBXBuildFile; fileRef = 12FAB9FC297BBA2400BDDB5A /* Preview Assets.xcassets */; };
		12FABA07297BBA2400BDDB5A /* AbsenceRecorderTests.swift in Sources */ = {isa = PBXBuildFile; fileRef = 12FABA06297BBA2400BDDB5A /* AbsenceRecorderTests.swift */; };
		12FABA11297BBA2400BDDB5A /* AbsenceRecorderUITests.swift in Sources */ = {isa = PBXBuildFile; fileRef = 12FABA10297BBA2400BDDB5A /* AbsenceRecorderUITests.swift */; };
		12FABA13297BBA2400BDDB5A /* AbsenceRecorderUITestsLaunchTests.swift in Sources */ = {isa = PBXBuildFile; fileRef = 12FABA12297BBA2400BDDB5A /* AbsenceRecorderUITestsLaunchTests.swift */; };
		12FABA22297BBC3800BDDB5A /* Student.swift in Sources */ = {isa = PBXBuildFile; fileRef = 12FABA21297BBC3800BDDB5A /* Student.swift */; };
		12FABA24297BBCA100BDDB5A /* Division.swift in Sources */ = {isa = PBXBuildFile; fileRef = 12FABA23297BBCA100BDDB5A /* Division.swift */; };
		12FABA272989C4F800BDDB5A /* Date.swift in Sources */ = {isa = PBXBuildFile; fileRef = 12FABA262989C4F800BDDB5A /* Date.swift */; };
		12FABA292989CA3900BDDB5A /* DivisionItem.swift in Sources */ = {isa = PBXBuildFile; fileRef = 12FABA282989CA3900BDDB5A /* DivisionItem.swift */; };
/* End PBXBuildFile section */

/* Begin PBXContainerItemProxy section */
		12FABA03297BBA2400BDDB5A /* PBXContainerItemProxy */ = {
			isa = PBXContainerItemProxy;
			containerPortal = 12FAB9EA297BBA2200BDDB5A /* Project object */;
			proxyType = 1;
			remoteGlobalIDString = 12FAB9F1297BBA2200BDDB5A;
			remoteInfo = AbsenceRecorder;
		};
		12FABA0D297BBA2400BDDB5A /* PBXContainerItemProxy */ = {
			isa = PBXContainerItemProxy;
			containerPortal = 12FAB9EA297BBA2200BDDB5A /* Project object */;
			proxyType = 1;
			remoteGlobalIDString = 12FAB9F1297BBA2200BDDB5A;
			remoteInfo = AbsenceRecorder;
		};
/* End PBXContainerItemProxy section */

/* Begin PBXFileReference section */
		1212451C298CF16800663DDC /* AbsenceView.swift */ = {isa = PBXFileReference; lastKnownFileType = sourcecode.swift; path = AbsenceView.swift; sourceTree = "<group>"; };
		1212451E298CF25500663DDC /* RootTabView.swift */ = {isa = PBXFileReference; lastKnownFileType = sourcecode.swift; path = RootTabView.swift; sourceTree = "<group>"; };
		12124520298CF38200663DDC /* StatisticsView.swift */ = {isa = PBXFileReference; lastKnownFileType = sourcecode.swift; path = StatisticsView.swift; sourceTree = "<group>"; };
		12124522298CF52400663DDC /* StateController.swift */ = {isa = PBXFileReference; lastKnownFileType = sourcecode.swift; path = StateController.swift; sourceTree = "<group>"; };
		12FAB9F2297BBA2200BDDB5A /* AbsenceRecorder.app */ = {isa = PBXFileReference; explicitFileType = wrapper.application; includeInIndex = 0; path = AbsenceRecorder.app; sourceTree = BUILT_PRODUCTS_DIR; };
		12FAB9F5297BBA2200BDDB5A /* AbsenceRecorderApp.swift */ = {isa = PBXFileReference; lastKnownFileType = sourcecode.swift; path = AbsenceRecorderApp.swift; sourceTree = "<group>"; };
		12FAB9F7297BBA2200BDDB5A /* DivisionsView.swift */ = {isa = PBXFileReference; lastKnownFileType = sourcecode.swift; path = DivisionsView.swift; sourceTree = "<group>"; };
		12FAB9F9297BBA2400BDDB5A /* Assets.xcassets */ = {isa = PBXFileReference; lastKnownFileType = folder.assetcatalog; path = Assets.xcassets; sourceTree = "<group>"; };
		12FAB9FC297BBA2400BDDB5A /* Preview Assets.xcassets */ = {isa = PBXFileReference; lastKnownFileType = folder.assetcatalog; path = "Preview Assets.xcassets"; sourceTree = "<group>"; };
		12FABA02297BBA2400BDDB5A /* AbsenceRecorderTests.xctest */ = {isa = PBXFileReference; explicitFileType = wrapper.cfbundle; includeInIndex = 0; path = AbsenceRecorderTests.xctest; sourceTree = BUILT_PRODUCTS_DIR; };
		12FABA06297BBA2400BDDB5A /* AbsenceRecorderTests.swift */ = {isa = PBXFileReference; lastKnownFileType = sourcecode.swift; path = AbsenceRecorderTests.swift; sourceTree = "<group>"; };
		12FABA0C297BBA2400BDDB5A /* AbsenceRecorderUITests.xctest */ = {isa = PBXFileReference; explicitFileType = wrapper.cfbundle; includeInIndex = 0; path = AbsenceRecorderUITests.xctest; sourceTree = BUILT_PRODUCTS_DIR; };
		12FABA10297BBA2400BDDB5A /* AbsenceRecorderUITests.swift */ = {isa = PBXFileReference; lastKnownFileType = sourcecode.swift; path = AbsenceRecorderUITests.swift; sourceTree = "<group>"; };
		12FABA12297BBA2400BDDB5A /* AbsenceRecorderUITestsLaunchTests.swift */ = {isa = PBXFileReference; lastKnownFileType = sourcecode.swift; path = AbsenceRecorderUITestsLaunchTests.swift; sourceTree = "<group>"; };
		12FABA21297BBC3800BDDB5A /* Student.swift */ = {isa = PBXFileReference; lastKnownFileType = sourcecode.swift; path = Student.swift; sourceTree = "<group>"; };
		12FABA23297BBCA100BDDB5A /* Division.swift */ = {isa = PBXFileReference; lastKnownFileType = sourcecode.swift; path = Division.swift; sourceTree = "<group>"; };
		12FABA262989C4F800BDDB5A /* Date.swift */ = {isa = PBXFileReference; lastKnownFileType = sourcecode.swift; path = Date.swift; sourceTree = "<group>"; };
		12FABA282989CA3900BDDB5A /* DivisionItem.swift */ = {isa = PBXFileReference; lastKnownFileType = sourcecode.swift; path = DivisionItem.swift; sourceTree = "<group>"; };
/* End PBXFileReference section */

/* Begin PBXFrameworksBuildPhase section */
		12FAB9EF297BBA2200BDDB5A /* Frameworks */ = {
			isa = PBXFrameworksBuildPhase;
			buildActionMask = 2147483647;
			files = (
			);
			runOnlyForDeploymentPostprocessing = 0;
		};
		12FAB9FF297BBA2400BDDB5A /* Frameworks */ = {
			isa = PBXFrameworksBuildPhase;
			buildActionMask = 2147483647;
			files = (
			);
			runOnlyForDeploymentPostprocessing = 0;
		};
		12FABA09297BBA2400BDDB5A /* Frameworks */ = {
			isa = PBXFrameworksBuildPhase;
			buildActionMask = 2147483647;
			files = (
			);
			runOnlyForDeploymentPostprocessing = 0;
		};
/* End PBXFrameworksBuildPhase section */

/* Begin PBXGroup section */
		12FAB9E9297BBA2200BDDB5A = {
			isa = PBXGroup;
			children = (
				12FAB9F4297BBA2200BDDB5A /* AbsenceRecorder */,
				12FABA05297BBA2400BDDB5A /* AbsenceRecorderTests */,
				12FABA0F297BBA2400BDDB5A /* AbsenceRecorderUITests */,
				12FAB9F3297BBA2200BDDB5A /* Products */,
			);
			sourceTree = "<group>";
		};
		12FAB9F3297BBA2200BDDB5A /* Products */ = {
			isa = PBXGroup;
			children = (
				12FAB9F2297BBA2200BDDB5A /* AbsenceRecorder.app */,
				12FABA02297BBA2400BDDB5A /* AbsenceRecorderTests.xctest */,
				12FABA0C297BBA2400BDDB5A /* AbsenceRecorderUITests.xctest */,
			);
			name = Products;
			sourceTree = "<group>";
		};
		12FAB9F4297BBA2200BDDB5A /* AbsenceRecorder */ = {
			isa = PBXGroup;
			children = (
				12FABA252989C4E500BDDB5A /* Extensions */,
				12FABA20297BBBFC00BDDB5A /* View */,
				12FABA1F297BBBF300BDDB5A /* Model */,
				12FAB9F5297BBA2200BDDB5A /* AbsenceRecorderApp.swift */,
				12FAB9F9297BBA2400BDDB5A /* Assets.xcassets */,
				12FAB9FB297BBA2400BDDB5A /* Preview Content */,
				12124522298CF52400663DDC /* StateController.swift */,
			);
			path = AbsenceRecorder;
			sourceTree = "<group>";
		};
		12FAB9FB297BBA2400BDDB5A /* Preview Content */ = {
			isa = PBXGroup;
			children = (
				12FAB9FC297BBA2400BDDB5A /* Preview Assets.xcassets */,
			);
			path = "Preview Content";
			sourceTree = "<group>";
		};
		12FABA05297BBA2400BDDB5A /* AbsenceRecorderTests */ = {
			isa = PBXGroup;
			children = (
				12FABA06297BBA2400BDDB5A /* AbsenceRecorderTests.swift */,
			);
			path = AbsenceRecorderTests;
			sourceTree = "<group>";
		};
		12FABA0F297BBA2400BDDB5A /* AbsenceRecorderUITests */ = {
			isa = PBXGroup;
			children = (
				12FABA10297BBA2400BDDB5A /* AbsenceRecorderUITests.swift */,
				12FABA12297BBA2400BDDB5A /* AbsenceRecorderUITestsLaunchTests.swift */,
			);
			path = AbsenceRecorderUITests;
			sourceTree = "<group>";
		};
		12FABA1F297BBBF300BDDB5A /* Model */ = {
			isa = PBXGroup;
			children = (
				12FABA21297BBC3800BDDB5A /* Student.swift */,
				12FABA23297BBCA100BDDB5A /* Division.swift */,
			);
			path = Model;
			sourceTree = "<group>";
		};
		12FABA20297BBBFC00BDDB5A /* View */ = {
			isa = PBXGroup;
			children = (
				12FAB9F7297BBA2200BDDB5A /* DivisionsView.swift */,
				12FABA282989CA3900BDDB5A /* DivisionItem.swift */,
				1212451C298CF16800663DDC /* AbsenceView.swift */,
				1212451E298CF25500663DDC /* RootTabView.swift */,
				12124520298CF38200663DDC /* StatisticsView.swift */,
			);
			path = View;
			sourceTree = "<group>";
		};
		12FABA252989C4E500BDDB5A /* Extensions */ = {
			isa = PBXGroup;
			children = (
				12FABA262989C4F800BDDB5A /* Date.swift */,
			);
			path = Extensions;
			sourceTree = "<group>";
		};
/* End PBXGroup section */

/* Begin PBXNativeTarget section */
		12FAB9F1297BBA2200BDDB5A /* AbsenceRecorder */ = {
			isa = PBXNativeTarget;
			buildConfigurationList = 12FABA16297BBA2400BDDB5A /* Build configuration list for PBXNativeTarget "AbsenceRecorder" */;
			buildPhases = (
				12FAB9EE297BBA2200BDDB5A /* Sources */,
				12FAB9EF297BBA2200BDDB5A /* Frameworks */,
				12FAB9F0297BBA2200BDDB5A /* Resources */,
			);
			buildRules = (
			);
			dependencies = (
			);
			name = AbsenceRecorder;
			productName = AbsenceRecorder;
			productReference = 12FAB9F2297BBA2200BDDB5A /* AbsenceRecorder.app */;
			productType = "com.apple.product-type.application";
		};
		12FABA01297BBA2400BDDB5A /* AbsenceRecorderTests */ = {
			isa = PBXNativeTarget;
			buildConfigurationList = 12FABA19297BBA2400BDDB5A /* Build configuration list for PBXNativeTarget "AbsenceRecorderTests" */;
			buildPhases = (
				12FAB9FE297BBA2400BDDB5A /* Sources */,
				12FAB9FF297BBA2400BDDB5A /* Frameworks */,
				12FABA00297BBA2400BDDB5A /* Resources */,
			);
			buildRules = (
			);
			dependencies = (
				12FABA04297BBA2400BDDB5A /* PBXTargetDependency */,
			);
			name = AbsenceRecorderTests;
			productName = AbsenceRecorderTests;
			productReference = 12FABA02297BBA2400BDDB5A /* AbsenceRecorderTests.xctest */;
			productType = "com.apple.product-type.bundle.unit-test";
		};
		12FABA0B297BBA2400BDDB5A /* AbsenceRecorderUITests */ = {
			isa = PBXNativeTarget;
			buildConfigurationList = 12FABA1C297BBA2400BDDB5A /* Build configuration list for PBXNativeTarget "AbsenceRecorderUITests" */;
			buildPhases = (
				12FABA08297BBA2400BDDB5A /* Sources */,
				12FABA09297BBA2400BDDB5A /* Frameworks */,
				12FABA0A297BBA2400BDDB5A /* Resources */,
			);
			buildRules = (
			);
			dependencies = (
				12FABA0E297BBA2400BDDB5A /* PBXTargetDependency */,
			);
			name = AbsenceRecorderUITests;
			productName = AbsenceRecorderUITests;
			productReference = 12FABA0C297BBA2400BDDB5A /* AbsenceRecorderUITests.xctest */;
			productType = "com.apple.product-type.bundle.ui-testing";
		};
/* End PBXNativeTarget section */

/* Begin PBXProject section */
		12FAB9EA297BBA2200BDDB5A /* Project object */ = {
			isa = PBXProject;
			attributes = {
				BuildIndependentTargetsInParallel = 1;
				LastSwiftUpdateCheck = 1320;
				LastUpgradeCheck = 1320;
				TargetAttributes = {
					12FAB9F1297BBA2200BDDB5A = {
						CreatedOnToolsVersion = 13.2.1;
					};
					12FABA01297BBA2400BDDB5A = {
						CreatedOnToolsVersion = 13.2.1;
						TestTargetID = 12FAB9F1297BBA2200BDDB5A;
					};
					12FABA0B297BBA2400BDDB5A = {
						CreatedOnToolsVersion = 13.2.1;
						TestTargetID = 12FAB9F1297BBA2200BDDB5A;
					};
				};
			};
			buildConfigurationList = 12FAB9ED297BBA2200BDDB5A /* Build configuration list for PBXProject "AbsenceRecorder" */;
			compatibilityVersion = "Xcode 13.0";
			developmentRegion = en;
			hasScannedForEncodings = 0;
			knownRegions = (
				en,
				Base,
			);
			mainGroup = 12FAB9E9297BBA2200BDDB5A;
			productRefGroup = 12FAB9F3297BBA2200BDDB5A /* Products */;
			projectDirPath = "";
			projectRoot = "";
			targets = (
				12FAB9F1297BBA2200BDDB5A /* AbsenceRecorder */,
				12FABA01297BBA2400BDDB5A /* AbsenceRecorderTests */,
				12FABA0B297BBA2400BDDB5A /* AbsenceRecorderUITests */,
			);
		};
/* End PBXProject section */

/* Begin PBXResourcesBuildPhase section */
		12FAB9F0297BBA2200BDDB5A /* Resources */ = {
			isa = PBXResourcesBuildPhase;
			buildActionMask = 2147483647;
			files = (
				12FAB9FD297BBA2400BDDB5A /* Preview Assets.xcassets in Resources */,
				12FAB9FA297BBA2400BDDB5A /* Assets.xcassets in Resources */,
			);
			runOnlyForDeploymentPostprocessing = 0;
		};
		12FABA00297BBA2400BDDB5A /* Resources */ = {
			isa = PBXResourcesBuildPhase;
			buildActionMask = 2147483647;
			files = (
			);
			runOnlyForDeploymentPostprocessing = 0;
		};
		12FABA0A297BBA2400BDDB5A /* Resources */ = {
			isa = PBXResourcesBuildPhase;
			buildActionMask = 2147483647;
			files = (
			);
			runOnlyForDeploymentPostprocessing = 0;
		};
/* End PBXResourcesBuildPhase section */

/* Begin PBXSourcesBuildPhase section */
		12FAB9EE297BBA2200BDDB5A /* Sources */ = {
			isa = PBXSourcesBuildPhase;
			buildActionMask = 2147483647;
			files = (
				12FAB9F8297BBA2200BDDB5A /* DivisionsView.swift in Sources */,
				12FABA272989C4F800BDDB5A /* Date.swift in Sources */,
				1212451F298CF25500663DDC /* RootTabView.swift in Sources */,
				12FABA22297BBC3800BDDB5A /* Student.swift in Sources */,
				12124521298CF38200663DDC /* StatisticsView.swift in Sources */,
				12FABA24297BBCA100BDDB5A /* Division.swift in Sources */,
				12FAB9F6297BBA2200BDDB5A /* AbsenceRecorderApp.swift in Sources */,
				12FABA292989CA3900BDDB5A /* DivisionItem.swift in Sources */,
				1212451D298CF16800663DDC /* AbsenceView.swift in Sources */,
				12124523298CF52400663DDC /* StateController.swift in Sources */,
			);
			runOnlyForDeploymentPostprocessing = 0;
		};
		12FAB9FE297BBA2400BDDB5A /* Sources */ = {
			isa = PBXSourcesBuildPhase;
			buildActionMask = 2147483647;
			files = (
				12FABA07297BBA2400BDDB5A /* AbsenceRecorderTests.swift in Sources */,
			);
			runOnlyForDeploymentPostprocessing = 0;
		};
		12FABA08297BBA2400BDDB5A /* Sources */ = {
			isa = PBXSourcesBuildPhase;
			buildActionMask = 2147483647;
			files = (
				12FABA13297BBA2400BDDB5A /* AbsenceRecorderUITestsLaunchTests.swift in Sources */,
				12FABA11297BBA2400BDDB5A /* AbsenceRecorderUITests.swift in Sources */,
			);
			runOnlyForDeploymentPostprocessing = 0;
		};
/* End PBXSourcesBuildPhase section */

/* Begin PBXTargetDependency section */
		12FABA04297BBA2400BDDB5A /* PBXTargetDependency */ = {
			isa = PBXTargetDependency;
			target = 12FAB9F1297BBA2200BDDB5A /* AbsenceRecorder */;
			targetProxy = 12FABA03297BBA2400BDDB5A /* PBXContainerItemProxy */;
		};
		12FABA0E297BBA2400BDDB5A /* PBXTargetDependency */ = {
			isa = PBXTargetDependency;
			target = 12FAB9F1297BBA2200BDDB5A /* AbsenceRecorder */;
			targetProxy = 12FABA0D297BBA2400BDDB5A /* PBXContainerItemProxy */;
		};
/* End PBXTargetDependency section */

/* Begin XCBuildConfiguration section */
		12FABA14297BBA2400BDDB5A /* Debug */ = {
			isa = XCBuildConfiguration;
			buildSettings = {
				ALWAYS_SEARCH_USER_PATHS = NO;
				CLANG_ANALYZER_NONNULL = YES;
				CLANG_ANALYZER_NUMBER_OBJECT_CONVERSION = YES_AGGRESSIVE;
				CLANG_CXX_LANGUAGE_STANDARD = "gnu++17";
				CLANG_CXX_LIBRARY = "libc++";
				CLANG_ENABLE_MODULES = YES;
				CLANG_ENABLE_OBJC_ARC = YES;
				CLANG_ENABLE_OBJC_WEAK = YES;
				CLANG_WARN_BLOCK_CAPTURE_AUTORELEASING = YES;
				CLANG_WARN_BOOL_CONVERSION = YES;
				CLANG_WARN_COMMA = YES;
				CLANG_WARN_CONSTANT_CONVERSION = YES;
				CLANG_WARN_DEPRECATED_OBJC_IMPLEMENTATIONS = YES;
				CLANG_WARN_DIRECT_OBJC_ISA_USAGE = YES_ERROR;
				CLANG_WARN_DOCUMENTATION_COMMENTS = YES;
				CLANG_WARN_EMPTY_BODY = YES;
				CLANG_WARN_ENUM_CONVERSION = YES;
				CLANG_WARN_INFINITE_RECURSION = YES;
				CLANG_WARN_INT_CONVERSION = YES;
				CLANG_WARN_NON_LITERAL_NULL_CONVERSION = YES;
				CLANG_WARN_OBJC_IMPLICIT_RETAIN_SELF = YES;
				CLANG_WARN_OBJC_LITERAL_CONVERSION = YES;
				CLANG_WARN_OBJC_ROOT_CLASS = YES_ERROR;
				CLANG_WARN_QUOTED_INCLUDE_IN_FRAMEWORK_HEADER = YES;
				CLANG_WARN_RANGE_LOOP_ANALYSIS = YES;
				CLANG_WARN_STRICT_PROTOTYPES = YES;
				CLANG_WARN_SUSPICIOUS_MOVE = YES;
				CLANG_WARN_UNGUARDED_AVAILABILITY = YES_AGGRESSIVE;
				CLANG_WARN_UNREACHABLE_CODE = YES;
				CLANG_WARN__DUPLICATE_METHOD_MATCH = YES;
				COPY_PHASE_STRIP = NO;
				DEBUG_INFORMATION_FORMAT = dwarf;
				ENABLE_STRICT_OBJC_MSGSEND = YES;
				ENABLE_TESTABILITY = YES;
				GCC_C_LANGUAGE_STANDARD = gnu11;
				GCC_DYNAMIC_NO_PIC = NO;
				GCC_NO_COMMON_BLOCKS = YES;
				GCC_OPTIMIZATION_LEVEL = 0;
				GCC_PREPROCESSOR_DEFINITIONS = (
					"DEBUG=1",
					"$(inherited)",
				);
				GCC_WARN_64_TO_32_BIT_CONVERSION = YES;
				GCC_WARN_ABOUT_RETURN_TYPE = YES_ERROR;
				GCC_WARN_UNDECLARED_SELECTOR = YES;
				GCC_WARN_UNINITIALIZED_AUTOS = YES_AGGRESSIVE;
				GCC_WARN_UNUSED_FUNCTION = YES;
				GCC_WARN_UNUSED_VARIABLE = YES;
				IPHONEOS_DEPLOYMENT_TARGET = 15.2;
				MTL_ENABLE_DEBUG_INFO = INCLUDE_SOURCE;
				MTL_FAST_MATH = YES;
				ONLY_ACTIVE_ARCH = YES;
				SDKROOT = iphoneos;
				SWIFT_ACTIVE_COMPILATION_CONDITIONS = DEBUG;
				SWIFT_OPTIMIZATION_LEVEL = "-Onone";
			};
			name = Debug;
		};
		12FABA15297BBA2400BDDB5A /* Release */ = {
			isa = XCBuildConfiguration;
			buildSettings = {
				ALWAYS_SEARCH_USER_PATHS = NO;
				CLANG_ANALYZER_NONNULL = YES;
				CLANG_ANALYZER_NUMBER_OBJECT_CONVERSION = YES_AGGRESSIVE;
				CLANG_CXX_LANGUAGE_STANDARD = "gnu++17";
				CLANG_CXX_LIBRARY = "libc++";
				CLANG_ENABLE_MODULES = YES;
				CLANG_ENABLE_OBJC_ARC = YES;
				CLANG_ENABLE_OBJC_WEAK = YES;
				CLANG_WARN_BLOCK_CAPTURE_AUTORELEASING = YES;
				CLANG_WARN_BOOL_CONVERSION = YES;
				CLANG_WARN_COMMA = YES;
				CLANG_WARN_CONSTANT_CONVERSION = YES;
				CLANG_WARN_DEPRECATED_OBJC_IMPLEMENTATIONS = YES;
				CLANG_WARN_DIRECT_OBJC_ISA_USAGE = YES_ERROR;
				CLANG_WARN_DOCUMENTATION_COMMENTS = YES;
				CLANG_WARN_EMPTY_BODY = YES;
				CLANG_WARN_ENUM_CONVERSION = YES;
				CLANG_WARN_INFINITE_RECURSION = YES;
				CLANG_WARN_INT_CONVERSION = YES;
				CLANG_WARN_NON_LITERAL_NULL_CONVERSION = YES;
				CLANG_WARN_OBJC_IMPLICIT_RETAIN_SELF = YES;
				CLANG_WARN_OBJC_LITERAL_CONVERSION = YES;
				CLANG_WARN_OBJC_ROOT_CLASS = YES_ERROR;
				CLANG_WARN_QUOTED_INCLUDE_IN_FRAMEWORK_HEADER = YES;
				CLANG_WARN_RANGE_LOOP_ANALYSIS = YES;
				CLANG_WARN_STRICT_PROTOTYPES = YES;
				CLANG_WARN_SUSPICIOUS_MOVE = YES;
				CLANG_WARN_UNGUARDED_AVAILABILITY = YES_AGGRESSIVE;
				CLANG_WARN_UNREACHABLE_CODE = YES;
				CLANG_WARN__DUPLICATE_METHOD_MATCH = YES;
				COPY_PHASE_STRIP = NO;
				DEBUG_INFORMATION_FORMAT = "dwarf-with-dsym";
				ENABLE_NS_ASSERTIONS = NO;
				ENABLE_STRICT_OBJC_MSGSEND = YES;
				GCC_C_LANGUAGE_STANDARD = gnu11;
				GCC_NO_COMMON_BLOCKS = YES;
				GCC_WARN_64_TO_32_BIT_CONVERSION = YES;
				GCC_WARN_ABOUT_RETURN_TYPE = YES_ERROR;
				GCC_WARN_UNDECLARED_SELECTOR = YES;
				GCC_WARN_UNINITIALIZED_AUTOS = YES_AGGRESSIVE;
				GCC_WARN_UNUSED_FUNCTION = YES;
				GCC_WARN_UNUSED_VARIABLE = YES;
				IPHONEOS_DEPLOYMENT_TARGET = 15.2;
				MTL_ENABLE_DEBUG_INFO = NO;
				MTL_FAST_MATH = YES;
				SDKROOT = iphoneos;
				SWIFT_COMPILATION_MODE = wholemodule;
				SWIFT_OPTIMIZATION_LEVEL = "-O";
				VALIDATE_PRODUCT = YES;
			};
			name = Release;
		};
		12FABA17297BBA2400BDDB5A /* Debug */ = {
			isa = XCBuildConfiguration;
			buildSettings = {
				ASSETCATALOG_COMPILER_APPICON_NAME = AppIcon;
				ASSETCATALOG_COMPILER_GLOBAL_ACCENT_COLOR_NAME = AccentColor;
				CODE_SIGN_STYLE = Automatic;
				CURRENT_PROJECT_VERSION = 1;
				DEVELOPMENT_ASSET_PATHS = "\"AbsenceRecorder/Preview Content\"";
				ENABLE_PREVIEWS = YES;
				GENERATE_INFOPLIST_FILE = YES;
				INFOPLIST_KEY_UIApplicationSceneManifest_Generation = YES;
				INFOPLIST_KEY_UIApplicationSupportsIndirectInputEvents = YES;
				INFOPLIST_KEY_UILaunchScreen_Generation = YES;
				INFOPLIST_KEY_UISupportedInterfaceOrientations_iPad = "UIInterfaceOrientationPortrait UIInterfaceOrientationPortraitUpsideDown UIInterfaceOrientationLandscapeLeft UIInterfaceOrientationLandscapeRight";
				INFOPLIST_KEY_UISupportedInterfaceOrientations_iPhone = "UIInterfaceOrientationPortrait UIInterfaceOrientationLandscapeLeft UIInterfaceOrientationLandscapeRight";
				LD_RUNPATH_SEARCH_PATHS = (
					"$(inherited)",
					"@executable_path/Frameworks",
				);
				MARKETING_VERSION = 1.0;
				PRODUCT_BUNDLE_IDENTIFIER = com.SritejT.AbsenceRecorder;
				PRODUCT_NAME = "$(TARGET_NAME)";
				SWIFT_EMIT_LOC_STRINGS = YES;
				SWIFT_VERSION = 5.0;
				TARGETED_DEVICE_FAMILY = "1,2";
			};
			name = Debug;
		};
		12FABA18297BBA2400BDDB5A /* Release */ = {
			isa = XCBuildConfiguration;
			buildSettings = {
				ASSETCATALOG_COMPILER_APPICON_NAME = AppIcon;
				ASSETCATALOG_COMPILER_GLOBAL_ACCENT_COLOR_NAME = AccentColor;
				CODE_SIGN_STYLE = Automatic;
				CURRENT_PROJECT_VERSION = 1;
				DEVELOPMENT_ASSET_PATHS = "\"AbsenceRecorder/Preview Content\"";
				ENABLE_PREVIEWS = YES;
				GENERATE_INFOPLIST_FILE = YES;
				INFOPLIST_KEY_UIApplicationSceneManifest_Generation = YES;
				INFOPLIST_KEY_UIApplicationSupportsIndirectInputEvents = YES;
				INFOPLIST_KEY_UILaunchScreen_Generation = YES;
				INFOPLIST_KEY_UISupportedInterfaceOrientations_iPad = "UIInterfaceOrientationPortrait UIInterfaceOrientationPortraitUpsideDown UIInterfaceOrientationLandscapeLeft UIInterfaceOrientationLandscapeRight";
				INFOPLIST_KEY_UISupportedInterfaceOrientations_iPhone = "UIInterfaceOrientationPortrait UIInterfaceOrientationLandscapeLeft UIInterfaceOrientationLandscapeRight";
				LD_RUNPATH_SEARCH_PATHS = (
					"$(inherited)",
					"@executable_path/Frameworks",
				);
				MARKETING_VERSION = 1.0;
				PRODUCT_BUNDLE_IDENTIFIER = com.SritejT.AbsenceRecorder;
				PRODUCT_NAME = "$(TARGET_NAME)";
				SWIFT_EMIT_LOC_STRINGS = YES;
				SWIFT_VERSION = 5.0;
				TARGETED_DEVICE_FAMILY = "1,2";
			};
			name = Release;
		};
		12FABA1A297BBA2400BDDB5A /* Debug */ = {
			isa = XCBuildConfiguration;
			buildSettings = {
				ALWAYS_EMBED_SWIFT_STANDARD_LIBRARIES = YES;
				BUNDLE_LOADER = "$(TEST_HOST)";
				CODE_SIGN_STYLE = Automatic;
				CURRENT_PROJECT_VERSION = 1;
				GENERATE_INFOPLIST_FILE = YES;
				IPHONEOS_DEPLOYMENT_TARGET = 15.2;
				MARKETING_VERSION = 1.0;
				PRODUCT_BUNDLE_IDENTIFIER = com.SritejT.AbsenceRecorderTests;
				PRODUCT_NAME = "$(TARGET_NAME)";
				SWIFT_EMIT_LOC_STRINGS = NO;
				SWIFT_VERSION = 5.0;
				TARGETED_DEVICE_FAMILY = "1,2";
				TEST_HOST = "$(BUILT_PRODUCTS_DIR)/AbsenceRecorder.app/AbsenceRecorder";
			};
			name = Debug;
		};
		12FABA1B297BBA2400BDDB5A /* Release */ = {
			isa = XCBuildConfiguration;
			buildSettings = {
				ALWAYS_EMBED_SWIFT_STANDARD_LIBRARIES = YES;
				BUNDLE_LOADER = "$(TEST_HOST)";
				CODE_SIGN_STYLE = Automatic;
				CURRENT_PROJECT_VERSION = 1;
				GENERATE_INFOPLIST_FILE = YES;
				IPHONEOS_DEPLOYMENT_TARGET = 15.2;
				MARKETING_VERSION = 1.0;
				PRODUCT_BUNDLE_IDENTIFIER = com.SritejT.AbsenceRecorderTests;
				PRODUCT_NAME = "$(TARGET_NAME)";
				SWIFT_EMIT_LOC_STRINGS = NO;
				SWIFT_VERSION = 5.0;
				TARGETED_DEVICE_FAMILY = "1,2";
				TEST_HOST = "$(BUILT_PRODUCTS_DIR)/AbsenceRecorder.app/AbsenceRecorder";
			};
			name = Release;
		};
		12FABA1D297BBA2400BDDB5A /* Debug */ = {
			isa = XCBuildConfiguration;
			buildSettings = {
				ALWAYS_EMBED_SWIFT_STANDARD_LIBRARIES = YES;
				CODE_SIGN_STYLE = Automatic;
				CURRENT_PROJECT_VERSION = 1;
				GENERATE_INFOPLIST_FILE = YES;
				MARKETING_VERSION = 1.0;
				PRODUCT_BUNDLE_IDENTIFIER = com.SritejT.AbsenceRecorderUITests;
				PRODUCT_NAME = "$(TARGET_NAME)";
				SWIFT_EMIT_LOC_STRINGS = NO;
				SWIFT_VERSION = 5.0;
				TARGETED_DEVICE_FAMILY = "1,2";
				TEST_TARGET_NAME = AbsenceRecorder;
			};
			name = Debug;
		};
		12FABA1E297BBA2400BDDB5A /* Release */ = {
			isa = XCBuildConfiguration;
			buildSettings = {
				ALWAYS_EMBED_SWIFT_STANDARD_LIBRARIES = YES;
				CODE_SIGN_STYLE = Automatic;
				CURRENT_PROJECT_VERSION = 1;
				GENERATE_INFOPLIST_FILE = YES;
				MARKETING_VERSION = 1.0;
				PRODUCT_BUNDLE_IDENTIFIER = com.SritejT.AbsenceRecorderUITests;
				PRODUCT_NAME = "$(TARGET_NAME)";
				SWIFT_EMIT_LOC_STRINGS = NO;
				SWIFT_VERSION = 5.0;
				TARGETED_DEVICE_FAMILY = "1,2";
				TEST_TARGET_NAME = AbsenceRecorder;
			};
			name = Release;
		};
/* End XCBuildConfiguration section */

/* Begin XCConfigurationList section */
		12FAB9ED297BBA2200BDDB5A /* Build configuration list for PBXProject "AbsenceRecorder" */ = {
			isa = XCConfigurationList;
			buildConfigurations = (
				12FABA14297BBA2400BDDB5A /* Debug */,
				12FABA15297BBA2400BDDB5A /* Release */,
			);
			defaultConfigurationIsVisible = 0;
			defaultConfigurationName = Release;
		};
		12FABA16297BBA2400BDDB5A /* Build configuration list for PBXNativeTarget "AbsenceRecorder" */ = {
			isa = XCConfigurationList;
			buildConfigurations = (
				12FABA17297BBA2400BDDB5A /* Debug */,
				12FABA18297BBA2400BDDB5A /* Release */,
			);
			defaultConfigurationIsVisible = 0;
			defaultConfigurationName = Release;
		};
		12FABA19297BBA2400BDDB5A /* Build configuration list for PBXNativeTarget "AbsenceRecorderTests" */ = {
			isa = XCConfigurationList;
			buildConfigurations = (
				12FABA1A297BBA2400BDDB5A /* Debug */,
				12FABA1B297BBA2400BDDB5A /* Release */,
			);
			defaultConfigurationIsVisible = 0;
			defaultConfigurationName = Release;
		};
		12FABA1C297BBA2400BDDB5A /* Build configuration list for PBXNativeTarget "AbsenceRecorderUITests" */ = {
			isa = XCConfigurationList;
			buildConfigurations = (
				12FABA1D297BBA2400BDDB5A /* Debug */,
				12FABA1E297BBA2400BDDB5A /* Release */,
			);
			defaultConfigurationIsVisible = 0;
			defaultConfigurationName = Release;
		};
/* End XCConfigurationList section */
	};
	rootObject = 12FAB9EA297BBA2200BDDB5A /* Project object */;
}
